
Microsoft Visual Studio Solution File, Format Version 12.00
# Visual Studio 15
VisualStudioVersion = 15.0.28010.2003
MinimumVisualStudioVersion = 10.0.40219.1
Project("{FAE04EC0-301F-11D3-BF4B-00C04F79EFBC}") = "Web", "Web\Web.csproj", "{870CFCD2-40C2-4E54-9029-F89FD6E42C1F}"
EndProject
Global
	GlobalSection(SolutionConfigurationPlatforms) = preSolution
		Debug|Any CPU = Debug|Any CPU
		Release|Any CPU = Release|Any CPU
	EndGlobalSection
	GlobalSection(ProjectConfigurationPlatforms) = postSolution
		{870CFCD2-40C2-4E54-9029-F89FD6E42C1F}.Debug|Any CPU.ActiveCfg = Debug|Any CPU
		{870CFCD2-40C2-4E54-9029-F89FD6E42C1F}.Debug|Any CPU.Build.0 = Debug|Any CPU
		{870CFCD2-40C2-4E54-9029-F89FD6E42C1F}.Release|Any CPU.ActiveCfg = Release|Any CPU
		{870CFCD2-40C2-4E54-9029-F89FD6E42C1F}.Release|Any CPU.Build.0 = Release|Any CPU
	EndGlobalSection
	GlobalSection(SolutionProperties) = preSolution
		HideSolutionNode = FALSE
	EndGlobalSection
	GlobalSection(ExtensibilityGlobals) = postSolution
		SolutionGuid = {38B34804-88F4-4764-BD9D-AA5FEEC4F813}
	EndGlobalSection
EndGlobal
